{
  "name": "js",
  "lockfileVersion": 2,
  "requires": true,
  "packages": {
    "": {
      "dependencies": {
        "certgen": "file:local-cert-gen",
        "certgen-wasm": "file:../certgen/pkg",
        "node-forge": "^1.3.1"
      }
    },
    "../certgen/pkg": {
      "name": "certgen",
      "version": "0.1.0"
    },
    "local-cert-gen": {
      "version": "1.0.0",
      "license": "ISC",
      "dependencies": {
        "node-forge": "^1.3.1",
        "uglify-js": "^3.17.4"
      }
    },
    "node_modules/certgen": {
      "resolved": "local-cert-gen",
      "link": true
    },
    "node_modules/certgen-wasm": {
      "resolved": "../certgen/pkg",
      "link": true
    },
    "node_modules/node-forge": {
      "version": "1.3.1",
      "resolved": "https://registry.npmjs.org/node-forge/-/node-forge-1.3.1.tgz",
      "integrity": "sha512-dPEtOeMvF9VMcYV/1Wb8CPoVAXtp6MKMlcbAt4ddqmGqUJ6fQZFXkNZNkNlfevtNkGtaSoXf/vNNNSvgrdXwtA==",
      "engines": {
        "node": ">= 6.13.0"
      }
    },
    "node_modules/uglify-js": {
      "version": "3.17.4",
      "resolved": "https://registry.npmjs.org/uglify-js/-/uglify-js-3.17.4.tgz",
      "integrity": "sha512-T9q82TJI9e/C1TAxYvfb16xO120tMVFZrGA3f9/P4424DNu6ypK103y0GPFVa17yotwSyZW5iYXgjYHkGrJW/g==",
      "bin": {
        "uglifyjs": "bin/uglifyjs"
      },
      "engines": {
        "node": ">=0.8.0"
      }
    }
  },
  "dependencies": {
    "certgen": {
      "version": "file:local-cert-gen",
      "requires": {
        "node-forge": "^1.3.1",
        "uglify-js": "^3.17.4"
      }
    },
    "certgen-wasm": {
      "version": "file:../certgen/pkg"
    },
    "node-forge": {
      "version": "1.3.1",
      "resolved": "https://registry.npmjs.org/node-forge/-/node-forge-1.3.1.tgz",
      "integrity": "sha512-dPEtOeMvF9VMcYV/1Wb8CPoVAXtp6MKMlcbAt4ddqmGqUJ6fQZFXkNZNkNlfevtNkGtaSoXf/vNNNSvgrdXwtA=="
    },
    "uglify-js": {
      "version": "3.17.4",
      "resolved": "https://registry.npmjs.org/uglify-js/-/uglify-js-3.17.4.tgz",
      "integrity": "sha512-T9q82TJI9e/C1TAxYvfb16xO120tMVFZrGA3f9/P4424DNu6ypK103y0GPFVa17yotwSyZW5iYXgjYHkGrJW/g=="
    }
  }
}
