{
  "name": "js",
  "lockfileVersion": 2,
  "requires": true,
  "packages": {
    "": {
      "dependencies": {
        "certgen-wasm": "file:../certgen/pkg"
      }
    },
    "../certgen/pkg": {
      "name": "certgen",
      "version": "0.1.0"
    },
    "local-cert-gen": {
      "version": "1.0.0",
      "extraneous": true,
      "license": "ISC",
      "dependencies": {
        "node-forge": "^1.3.1",
        "uglify-js": "^3.17.4"
      }
    },
    "node_modules/certgen-wasm": {
      "resolved": "../certgen/pkg",
      "link": true
    }
  },
  "dependencies": {
    "certgen-wasm": {
      "version": "file:../certgen/pkg"
    }
  }
}
